
Microsoft Visual Studio Solution File, Format Version 12.00
# Visual Studio Version 17
VisualStudioVersion = 17.6.33815.320
MinimumVisualStudioVersion = 10.0.40219.1
Project("{FAE04EC0-301F-11D3-BF4B-00C04F79EFBC}") = "webappgp02", "webappgp02\webappgp02.csproj", "{4A7FDABC-DA2F-4D89-9395-F47B7CFF4AFB}"
EndProject
Global
	GlobalSection(SolutionConfigurationPlatforms) = preSolution
		Debug|Any CPU = Debug|Any CPU
		Release|Any CPU = Release|Any CPU
	EndGlobalSection
	GlobalSection(ProjectConfigurationPlatforms) = postSolution
		{4A7FDABC-DA2F-4D89-9395-F47B7CFF4AFB}.Debug|Any CPU.ActiveCfg = Debug|Any CPU
		{4A7FDABC-DA2F-4D89-9395-F47B7CFF4AFB}.Debug|Any CPU.Build.0 = Debug|Any CPU
		{4A7FDABC-DA2F-4D89-9395-F47B7CFF4AFB}.Release|Any CPU.ActiveCfg = Release|Any CPU
		{4A7FDABC-DA2F-4D89-9395-F47B7CFF4AFB}.Release|Any CPU.Build.0 = Release|Any CPU
	EndGlobalSection
	GlobalSection(SolutionProperties) = preSolution
		HideSolutionNode = FALSE
	EndGlobalSection
	GlobalSection(ExtensibilityGlobals) = postSolution
		SolutionGuid = {D3086339-D334-4F7E-B362-58AECF9ECFE6}
	EndGlobalSection
EndGlobal
